
Microsoft Visual Studio Solution File, Format Version 12.00
# Visual Studio 15
VisualStudioVersion = 15.0.28307.1321
MinimumVisualStudioVersion = 10.0.40219.1
Project("{FAE04EC0-301F-11D3-BF4B-00C04F79EFBC}") = "AdapterPattern_Example", "AdapterPattern_Example.csproj", "{6069C802-24B5-4261-9903-8F4CA1A0313E}"
EndProject
Global
	GlobalSection(SolutionConfigurationPlatforms) = preSolution
		Debug|Any CPU = Debug|Any CPU
		Release|Any CPU = Release|Any CPU
	EndGlobalSection
	GlobalSection(ProjectConfigurationPlatforms) = postSolution
		{6069C802-24B5-4261-9903-8F4CA1A0313E}.Debug|Any CPU.ActiveCfg = Debug|Any CPU
		{6069C802-24B5-4261-9903-8F4CA1A0313E}.Debug|Any CPU.Build.0 = Debug|Any CPU
		{6069C802-24B5-4261-9903-8F4CA1A0313E}.Release|Any CPU.ActiveCfg = Release|Any CPU
		{6069C802-24B5-4261-9903-8F4CA1A0313E}.Release|Any CPU.Build.0 = Release|Any CPU
	EndGlobalSection
	GlobalSection(SolutionProperties) = preSolution
		HideSolutionNode = FALSE
	EndGlobalSection
	GlobalSection(ExtensibilityGlobals) = postSolution
		SolutionGuid = {184F65F2-1991-45A9-BAD1-809D235346A5}
	EndGlobalSection
EndGlobal
